// !$*UTF8*$!
{
	archiveVersion = 1;
	classes = {
	};
	objectVersion = 50;
	objects = {

/* Begin PBXBuildFile section */
		6653B4982620A77A0096A0A5 /* Classification.swift in Sources */ = {isa = PBXBuildFile; fileRef = 6653B4972620A77A0096A0A5 /* Classification.swift */; };
		6660F80B253AEE2100F392C5 /* main.swift in Sources */ = {isa = PBXBuildFile; fileRef = 6660F80A253AEE2100F392C5 /* main.swift */; };
		6660F813253AEFAD00F392C5 /* Recipe.swift in Sources */ = {isa = PBXBuildFile; fileRef = 6660F812253AEFAD00F392C5 /* Recipe.swift */; };
		6660F816253AF1EB00F392C5 /* RecipeRepository.swift in Sources */ = {isa = PBXBuildFile; fileRef = 6660F815253AF1EB00F392C5 /* RecipeRepository.swift */; };
		6660F819253AF87C00F392C5 /* RecipeGenerator.swift in Sources */ = {isa = PBXBuildFile; fileRef = 6660F818253AF87C00F392C5 /* RecipeGenerator.swift */; };
		6660F81C253B211900F392C5 /* UnitTests.swift in Sources */ = {isa = PBXBuildFile; fileRef = 6660F81B253B211900F392C5 /* UnitTests.swift */; };
		66E5D7C325FDF58000700367 /* IngredientManager.swift in Sources */ = {isa = PBXBuildFile; fileRef = 66E5D7C225FDF58000700367 /* IngredientManager.swift */; };
/* End PBXBuildFile section */

/* Begin PBXCopyFilesBuildPhase section */
		6660F805253AEE2100F392C5 /* Copy Files */ = {
			isa = PBXCopyFilesBuildPhase;
			buildActionMask = 2147483647;
			dstPath = /usr/share/man/man1;
			dstSubfolderSpec = 0;
			files = (
			);
			name = "Copy Files";
			runOnlyForDeploymentPostprocessing = 1;
		};
/* End PBXCopyFilesBuildPhase section */

/* Begin PBXFileReference section */
		6653B4972620A77A0096A0A5 /* Classification.swift */ = {isa = PBXFileReference; fileEncoding = 4; lastKnownFileType = sourcecode.swift; path = Classification.swift; sourceTree = "<group>"; };
		6660F807253AEE2100F392C5 /* RecipeGenerator */ = {isa = PBXFileReference; explicitFileType = "compiled.mach-o.executable"; includeInIndex = 0; path = RecipeGenerator; sourceTree = BUILT_PRODUCTS_DIR; };
		6660F80A253AEE2100F392C5 /* main.swift */ = {isa = PBXFileReference; lastKnownFileType = sourcecode.swift; path = main.swift; sourceTree = "<group>"; };
		6660F812253AEFAD00F392C5 /* Recipe.swift */ = {isa = PBXFileReference; fileEncoding = 4; lastKnownFileType = sourcecode.swift; path = Recipe.swift; sourceTree = "<group>"; };
		6660F815253AF1EB00F392C5 /* RecipeRepository.swift */ = {isa = PBXFileReference; fileEncoding = 4; lastKnownFileType = sourcecode.swift; path = RecipeRepository.swift; sourceTree = "<group>"; };
		6660F818253AF87C00F392C5 /* RecipeGenerator.swift */ = {isa = PBXFileReference; lastKnownFileType = sourcecode.swift; path = RecipeGenerator.swift; sourceTree = "<group>"; };
		6660F81B253B211900F392C5 /* UnitTests.swift */ = {isa = PBXFileReference; lastKnownFileType = sourcecode.swift; path = UnitTests.swift; sourceTree = "<group>"; };
		66E5D7C225FDF58000700367 /* IngredientManager.swift */ = {isa = PBXFileReference; lastKnownFileType = sourcecode.swift; path = IngredientManager.swift; sourceTree = "<group>"; };
/* End PBXFileReference section */

/* Begin PBXFrameworksBuildPhase section */
		6660F804253AEE2100F392C5 /* Frameworks */ = {
			isa = PBXFrameworksBuildPhase;
			buildActionMask = 2147483647;
			files = (
			);
			runOnlyForDeploymentPostprocessing = 0;
		};
/* End PBXFrameworksBuildPhase section */

/* Begin PBXGroup section */
		6660F7FE253AEE2100F392C5 = {
			isa = PBXGroup;
			children = (
				6660F809253AEE2100F392C5 /* RecipeGenerator */,
				6660F808253AEE2100F392C5 /* Products */,
			);
			sourceTree = "<group>";
		};
		6660F808253AEE2100F392C5 /* Products */ = {
			isa = PBXGroup;
			children = (
				6660F807253AEE2100F392C5 /* RecipeGenerator */,
			);
			name = Products;
			sourceTree = "<group>";
		};
		6660F809253AEE2100F392C5 /* RecipeGenerator */ = {
			isa = PBXGroup;
			children = (
				6660F80A253AEE2100F392C5 /* main.swift */,
				6660F815253AF1EB00F392C5 /* RecipeRepository.swift */,
				6660F812253AEFAD00F392C5 /* Recipe.swift */,
				6660F818253AF87C00F392C5 /* RecipeGenerator.swift */,
				6660F81B253B211900F392C5 /* UnitTests.swift */,
				66E5D7C225FDF58000700367 /* IngredientManager.swift */,
				6653B4972620A77A0096A0A5 /* Classification.swift */,
			);
			path = RecipeGenerator;
			sourceTree = "<group>";
		};
/* End PBXGroup section */

/* Begin PBXNativeTarget section */
		6660F806253AEE2100F392C5 /* RecipeGenerator */ = {
			isa = PBXNativeTarget;
			buildConfigurationList = 6660F80E253AEE2100F392C5 /* Build configuration list for PBXNativeTarget "RecipeGenerator" */;
			buildPhases = (
				6660F803253AEE2100F392C5 /* Sources */,
				6660F804253AEE2100F392C5 /* Frameworks */,
				6660F805253AEE2100F392C5 /* Copy Files */,
				6660F822253B49FE00F392C5 /* Resources */,
			);
			buildRules = (
			);
			dependencies = (
			);
			name = RecipeGenerator;
			productName = RecipeGenerator;
			productReference = 6660F807253AEE2100F392C5 /* RecipeGenerator */;
			productType = "com.apple.product-type.tool";
		};
/* End PBXNativeTarget section */

/* Begin PBXProject section */
		6660F7FF253AEE2100F392C5 /* Project object */ = {
			isa = PBXProject;
			attributes = {
				LastSwiftUpdateCheck = 1200;
				LastUpgradeCheck = 1200;
				TargetAttributes = {
					6660F806253AEE2100F392C5 = {
						CreatedOnToolsVersion = 12.0.1;
					};
				};
			};
			buildConfigurationList = 6660F802253AEE2100F392C5 /* Build configuration list for PBXProject "RecipeGenerator" */;
			compatibilityVersion = "Xcode 9.3";
			developmentRegion = en;
			hasScannedForEncodings = 0;
			knownRegions = (
				en,
				Base,
			);
			mainGroup = 6660F7FE253AEE2100F392C5;
			productRefGroup = 6660F808253AEE2100F392C5 /* Products */;
			projectDirPath = "";
			projectRoot = "";
			targets = (
				6660F806253AEE2100F392C5 /* RecipeGenerator */,
			);
		};
/* End PBXProject section */

/* Begin PBXResourcesBuildPhase section */
		6660F822253B49FE00F392C5 /* Resources */ = {
			isa = PBXResourcesBuildPhase;
			buildActionMask = 2147483647;
			files = (
			);
			runOnlyForDeploymentPostprocessing = 0;
		};
/* End PBXResourcesBuildPhase section */

/* Begin PBXSourcesBuildPhase section */
		6660F803253AEE2100F392C5 /* Sources */ = {
			isa = PBXSourcesBuildPhase;
			buildActionMask = 2147483647;
			files = (
				6660F816253AF1EB00F392C5 /* RecipeRepository.swift in Sources */,
				6660F80B253AEE2100F392C5 /* main.swift in Sources */,
				6653B4982620A77A0096A0A5 /* Classification.swift in Sources */,
				6660F813253AEFAD00F392C5 /* Recipe.swift in Sources */,
				6660F81C253B211900F392C5 /* UnitTests.swift in Sources */,
				66E5D7C325FDF58000700367 /* IngredientManager.swift in Sources */,
				6660F819253AF87C00F392C5 /* RecipeGenerator.swift in Sources */,
			);
			runOnlyForDeploymentPostprocessing = 0;
		};
/* End PBXSourcesBuildPhase section */

/* Begin XCBuildConfiguration section */
		6660F80C253AEE2100F392C5 /* Debug */ = {
			isa = XCBuildConfiguration;
			buildSettings = {
				ALWAYS_SEARCH_USER_PATHS = NO;
				CLANG_ANALYZER_NONNULL = YES;
				CLANG_ANALYZER_NUMBER_OBJECT_CONVERSION = YES_AGGRESSIVE;
				CLANG_CXX_LANGUAGE_STANDARD = "gnu++14";
				CLANG_CXX_LIBRARY = "libc++";
				CLANG_ENABLE_MODULES = YES;
				CLANG_ENABLE_OBJC_ARC = YES;
				CLANG_ENABLE_OBJC_WEAK = YES;
				CLANG_WARN_BLOCK_CAPTURE_AUTORELEASING = YES;
				CLANG_WARN_BOOL_CONVERSION = YES;
				CLANG_WARN_COMMA = YES;
				CLANG_WARN_CONSTANT_CONVERSION = YES;
				CLANG_WARN_DEPRECATED_OBJC_IMPLEMENTATIONS = YES;
				CLANG_WARN_DIRECT_OBJC_ISA_USAGE = YES_ERROR;
				CLANG_WARN_DOCUMENTATION_COMMENTS = YES;
				CLANG_WARN_EMPTY_BODY = YES;
				CLANG_WARN_ENUM_CONVERSION = YES;
				CLANG_WARN_INFINITE_RECURSION = YES;
				CLANG_WARN_INT_CONVERSION = YES;
				CLANG_WARN_NON_LITERAL_NULL_CONVERSION = YES;
				CLANG_WARN_OBJC_IMPLICIT_RETAIN_SELF = YES;
				CLANG_WARN_OBJC_LITERAL_CONVERSION = YES;
				CLANG_WARN_OBJC_ROOT_CLASS = YES_ERROR;
				CLANG_WARN_QUOTED_INCLUDE_IN_FRAMEWORK_HEADER = YES;
				CLANG_WARN_RANGE_LOOP_ANALYSIS = YES;
				CLANG_WARN_STRICT_PROTOTYPES = YES;
				CLANG_WARN_SUSPICIOUS_MOVE = YES;
				CLANG_WARN_UNGUARDED_AVAILABILITY = YES_AGGRESSIVE;
				CLANG_WARN_UNREACHABLE_CODE = YES;
				CLANG_WARN__DUPLICATE_METHOD_MATCH = YES;
				COPY_PHASE_STRIP = NO;
				DEBUG_INFORMATION_FORMAT = dwarf;
				ENABLE_STRICT_OBJC_MSGSEND = YES;
				ENABLE_TESTABILITY = YES;
				GCC_C_LANGUAGE_STANDARD = gnu11;
				GCC_DYNAMIC_NO_PIC = NO;
				GCC_NO_COMMON_BLOCKS = YES;
				GCC_OPTIMIZATION_LEVEL = 0;
				GCC_PREPROCESSOR_DEFINITIONS = (
					"DEBUG=1",
					"$(inherited)",
				);
				GCC_WARN_64_TO_32_BIT_CONVERSION = YES;
				GCC_WARN_ABOUT_RETURN_TYPE = YES_ERROR;
				GCC_WARN_UNDECLARED_SELECTOR = YES;
				GCC_WARN_UNINITIALIZED_AUTOS = YES_AGGRESSIVE;
				GCC_WARN_UNUSED_FUNCTION = YES;
				GCC_WARN_UNUSED_VARIABLE = YES;
				MACOSX_DEPLOYMENT_TARGET = 10.15;
				MTL_ENABLE_DEBUG_INFO = INCLUDE_SOURCE;
				MTL_FAST_MATH = YES;
				ONLY_ACTIVE_ARCH = YES;
				SDKROOT = macosx;
				SWIFT_ACTIVE_COMPILATION_CONDITIONS = DEBUG;
				SWIFT_OPTIMIZATION_LEVEL = "-Onone";
			};
			name = Debug;
		};
		6660F80D253AEE2100F392C5 /* Release */ = {
			isa = XCBuildConfiguration;
			buildSettings = {
				ALWAYS_SEARCH_USER_PATHS = NO;
				CLANG_ANALYZER_NONNULL = YES;
				CLANG_ANALYZER_NUMBER_OBJECT_CONVERSION = YES_AGGRESSIVE;
				CLANG_CXX_LANGUAGE_STANDARD = "gnu++14";
				CLANG_CXX_LIBRARY = "libc++";
				CLANG_ENABLE_MODULES = YES;
				CLANG_ENABLE_OBJC_ARC = YES;
				CLANG_ENABLE_OBJC_WEAK = YES;
				CLANG_WARN_BLOCK_CAPTURE_AUTORELEASING = YES;
				CLANG_WARN_BOOL_CONVERSION = YES;
				CLANG_WARN_COMMA = YES;
				CLANG_WARN_CONSTANT_CONVERSION = YES;
				CLANG_WARN_DEPRECATED_OBJC_IMPLEMENTATIONS = YES;
				CLANG_WARN_DIRECT_OBJC_ISA_USAGE = YES_ERROR;
				CLANG_WARN_DOCUMENTATION_COMMENTS = YES;
				CLANG_WARN_EMPTY_BODY = YES;
				CLANG_WARN_ENUM_CONVERSION = YES;
				CLANG_WARN_INFINITE_RECURSION = YES;
				CLANG_WARN_INT_CONVERSION = YES;
				CLANG_WARN_NON_LITERAL_NULL_CONVERSION = YES;
				CLANG_WARN_OBJC_IMPLICIT_RETAIN_SELF = YES;
				CLANG_WARN_OBJC_LITERAL_CONVERSION = YES;
				CLANG_WARN_OBJC_ROOT_CLASS = YES_ERROR;
				CLANG_WARN_QUOTED_INCLUDE_IN_FRAMEWORK_HEADER = YES;
				CLANG_WARN_RANGE_LOOP_ANALYSIS = YES;
				CLANG_WARN_STRICT_PROTOTYPES = YES;
				CLANG_WARN_SUSPICIOUS_MOVE = YES;
				CLANG_WARN_UNGUARDED_AVAILABILITY = YES_AGGRESSIVE;
				CLANG_WARN_UNREACHABLE_CODE = YES;
				CLANG_WARN__DUPLICATE_METHOD_MATCH = YES;
				COPY_PHASE_STRIP = NO;
				DEBUG_INFORMATION_FORMAT = "dwarf-with-dsym";
				ENABLE_NS_ASSERTIONS = NO;
				ENABLE_STRICT_OBJC_MSGSEND = YES;
				GCC_C_LANGUAGE_STANDARD = gnu11;
				GCC_NO_COMMON_BLOCKS = YES;
				GCC_WARN_64_TO_32_BIT_CONVERSION = YES;
				GCC_WARN_ABOUT_RETURN_TYPE = YES_ERROR;
				GCC_WARN_UNDECLARED_SELECTOR = YES;
				GCC_WARN_UNINITIALIZED_AUTOS = YES_AGGRESSIVE;
				GCC_WARN_UNUSED_FUNCTION = YES;
				GCC_WARN_UNUSED_VARIABLE = YES;
				MACOSX_DEPLOYMENT_TARGET = 10.15;
				MTL_ENABLE_DEBUG_INFO = NO;
				MTL_FAST_MATH = YES;
				SDKROOT = macosx;
				SWIFT_COMPILATION_MODE = wholemodule;
				SWIFT_OPTIMIZATION_LEVEL = "-O";
			};
			name = Release;
		};
		6660F80F253AEE2100F392C5 /* Debug */ = {
			isa = XCBuildConfiguration;
			buildSettings = {
				CODE_SIGN_STYLE = Automatic;
				DEVELOPMENT_TEAM = ZWZ5466AK8;
				ENABLE_HARDENED_RUNTIME = YES;
				PRODUCT_NAME = "$(TARGET_NAME)";
				SWIFT_VERSION = 5.0;
			};
			name = Debug;
		};
		6660F810253AEE2100F392C5 /* Release */ = {
			isa = XCBuildConfiguration;
			buildSettings = {
				CODE_SIGN_STYLE = Automatic;
				DEVELOPMENT_TEAM = ZWZ5466AK8;
				ENABLE_HARDENED_RUNTIME = YES;
				PRODUCT_NAME = "$(TARGET_NAME)";
				SWIFT_VERSION = 5.0;
			};
			name = Release;
		};
/* End XCBuildConfiguration section */

/* Begin XCConfigurationList section */
		6660F802253AEE2100F392C5 /* Build configuration list for PBXProject "RecipeGenerator" */ = {
			isa = XCConfigurationList;
			buildConfigurations = (
				6660F80C253AEE2100F392C5 /* Debug */,
				6660F80D253AEE2100F392C5 /* Release */,
			);
			defaultConfigurationIsVisible = 0;
			defaultConfigurationName = Release;
		};
		6660F80E253AEE2100F392C5 /* Build configuration list for PBXNativeTarget "RecipeGenerator" */ = {
			isa = XCConfigurationList;
			buildConfigurations = (
				6660F80F253AEE2100F392C5 /* Debug */,
				6660F810253AEE2100F392C5 /* Release */,
			);
			defaultConfigurationIsVisible = 0;
			defaultConfigurationName = Release;
		};
/* End XCConfigurationList section */
	};
	rootObject = 6660F7FF253AEE2100F392C5 /* Project object */;
}
